
Microsoft Visual Studio Solution File, Format Version 12.00
# Visual Studio Version 17
VisualStudioVersion = 17.5.33502.453
MinimumVisualStudioVersion = 10.0.40219.1
Project("{9A19103F-16F7-4668-BE54-9A1E7A4F7556}") = "Cli", "Cli\Cli.csproj", "{7001130D-F17C-4965-A4E3-A9B5FB2AAC4D}"
EndProject
Project("{9A19103F-16F7-4668-BE54-9A1E7A4F7556}") = "MasterGateway", "MasterGateway\MasterGateway.csproj", "{C07B94B8-F87C-41DA-A2E1-887642BAA5F4}"
EndProject
Project("{9A19103F-16F7-4668-BE54-9A1E7A4F7556}") = "QuickMonitor", "QuickMonitor\QuickMonitor.csproj", "{0FED4442-11C9-46D2-9303-12C2EC209638}"
EndProject
Project("{9A19103F-16F7-4668-BE54-9A1E7A4F7556}") = "SyncTest", "SyncTest\SyncTest.csproj", "{08DF22D2-3C1C-43C7-BF7F-D011AB892894}"
EndProject
Project("{9A19103F-16F7-4668-BE54-9A1E7A4F7556}") = "ActionTest", "ActionTest\ActionTest.csproj", "{073EC883-8A6D-41DA-8388-36C2E897F6AE}"
EndProject
Project("{9A19103F-16F7-4668-BE54-9A1E7A4F7556}") = "ApbZoneTest", "ApbZoneTest\ApbZoneTest.csproj", "{0C25CB80-4A82-4BB4-8D95-74B8CD0E7A72}"
EndProject
Project("{9A19103F-16F7-4668-BE54-9A1E7A4F7556}") = "ConnectMasterTest", "ConnectMasterTest\ConnectMasterTest.csproj", "{B5BFA773-48CD-4EFD-A9AF-328FA571DC03}"
EndProject
Project("{9A19103F-16F7-4668-BE54-9A1E7A4F7556}") = "DoorServiceTest", "DoorServiceTest\DoorServiceTest.csproj", "{FE774EAD-EFE4-4F3C-9E3F-7ACAB3DF579F}"
EndProject
Project("{9A19103F-16F7-4668-BE54-9A1E7A4F7556}") = "EventServiceTest", "EventServiceTest\EventServiceTest.csproj", "{8E5A80A1-61D4-47DC-9F7A-91B6B3C71699}"
EndProject
Project("{2150E333-8FDC-42A3-9474-1A3956D46DE8}") = "cert", "cert", "{EF86979C-7F43-4DD6-B211-ED8F475E74EA}"
	ProjectSection(SolutionItems) = preProject
		Cert\ca.crt = Cert\ca.crt
		Cert\ca_key.pem = Cert\ca_key.pem
		Cert\server.crt = Cert\server.crt
		Cert\server_key.pem = Cert\server_key.pem
	EndProjectSection
EndProject
Project("{9A19103F-16F7-4668-BE54-9A1E7A4F7556}") = "ImageUserTest", "ImageUserTest\ImageUserTest.csproj", "{84BBC19A-5142-4106-9236-1295B4FAE869}"
EndProject
Project("{9A19103F-16F7-4668-BE54-9A1E7A4F7556}") = "OperatorServiceTest", "OperatorServiceTest\OperatorServiceTest.csproj", "{6A6E17C6-BFFA-4625-8A54-DA301927B842}"
EndProject
Project("{9A19103F-16F7-4668-BE54-9A1E7A4F7556}") = "QuickTest", "QuickTest\QuickTest.csproj", "{0044A451-7218-4BE3-97F3-7A7E02965C58}"
EndProject
Project("{2150E333-8FDC-42A3-9474-1A3956D46DE8}") = "porto", "porto", "{BF0A8D83-9EC3-4A17-BE40-3C175797D234}"
	ProjectSection(SolutionItems) = preProject
		proto\access.proto = proto\access.proto
		proto\action.proto = proto\action.proto
		proto\admin.proto = proto\admin.proto
		proto\apb_zone.proto = proto\apb_zone.proto
		proto\auth.proto = proto\auth.proto
		proto\card.proto = proto\card.proto
		proto\cert.proto = proto\cert.proto
		proto\config.proto = proto\config.proto
		proto\connect.proto = proto\connect.proto
		proto\connect_master.proto = proto\connect_master.proto
		proto\device.proto = proto\device.proto
		proto\display.proto = proto\display.proto
		proto\door.proto = proto\door.proto
		proto\err.proto = proto\err.proto
		proto\error.proto = proto\error.proto
		proto\event.proto = proto\event.proto
		proto\face.proto = proto\face.proto
		proto\finger.proto = proto\finger.proto
		proto\fingerprint.proto = proto\fingerprint.proto
		proto\fire_zone.proto = proto\fire_zone.proto
		proto\gateway.proto = proto\gateway.proto
		proto\input.proto = proto\input.proto
		proto\interlock_zone.proto = proto\interlock_zone.proto
		proto\intrusion_zone.proto = proto\intrusion_zone.proto
		proto\lift.proto = proto\lift.proto
		proto\lift_zone.proto = proto\lift_zone.proto
		proto\lock_zone.proto = proto\lock_zone.proto
		proto\login.proto = proto\login.proto
		proto\master.proto = proto\master.proto
		proto\network.proto = proto\network.proto
		proto\operator.proto = proto\operator.proto
		proto\rs485.proto = proto\rs485.proto
		proto\rtsp.proto = proto\rtsp.proto
		proto\schedule.proto = proto\schedule.proto
		proto\server.proto = proto\server.proto
		proto\status.proto = proto\status.proto
		proto\system.proto = proto\system.proto
		proto\tenant.proto = proto\tenant.proto
		proto\thermal.proto = proto\thermal.proto
		proto\time.proto = proto\time.proto
		proto\timed_apb_zone.proto = proto\timed_apb_zone.proto
		proto\tna.proto = proto\tna.proto
		proto\user.proto = proto\user.proto
		proto\voip.proto = proto\voip.proto
		proto\wiegand.proto = proto\wiegand.proto
		proto\zone.proto = proto\zone.proto
	EndProjectSection
EndProject
Project("{9A19103F-16F7-4668-BE54-9A1E7A4F7556}") = "RtspServiceTest", "RtspServiceTest\RtspServiceTest.csproj", "{57D042E8-9033-4D08-8887-BB67B6F807DA}"
EndProject
Project("{9A19103F-16F7-4668-BE54-9A1E7A4F7556}") = "ScheduleServiceTest", "ScheduleServiceTest\ScheduleServiceTest.csproj", "{7ABFE20D-5924-495B-8194-B8A24E193E92}"
EndProject
Project("{9A19103F-16F7-4668-BE54-9A1E7A4F7556}") = "ServerServiceTest", "ServerServiceTest\ServerServiceTest.csproj", "{695AB77E-2115-4191-BACF-5B2D1D23AE94}"
EndProject
Project("{9A19103F-16F7-4668-BE54-9A1E7A4F7556}") = "StatusServiceTest", "StatusServiceTest\StatusServiceTest.csproj", "{937956D4-09B6-47C2-B4E2-10B88F829578}"
EndProject
Project("{9A19103F-16F7-4668-BE54-9A1E7A4F7556}") = "ThermalServiceTest", "ThermalServiceTest\ThermalServiceTest.csproj", "{382F644D-C27E-4EF8-8D8C-E847E94D0DEF}"
EndProject
Project("{9A19103F-16F7-4668-BE54-9A1E7A4F7556}") = "TNAServiceTest", "TNAServiceTest\TNAServiceTest.csproj", "{7ABAF6E0-E3ED-4EF9-81B8-58D578BE30A9}"
EndProject
Project("{9A19103F-16F7-4668-BE54-9A1E7A4F7556}") = "UserServiceTest", "UserServiceTest\UserServiceTest.csproj", "{C9FB33F9-65D3-4C04-ABA4-A61BA720C744}"
EndProject
Project("{9A19103F-16F7-4668-BE54-9A1E7A4F7556}") = "VoipServiceTest", "VoipServiceTest\VoipServiceTest.csproj", "{6744DE39-EA46-4FAA-8B65-26FBA11724AA}"
EndProject
Project("{9A19103F-16F7-4668-BE54-9A1E7A4F7556}") = "WiegandServiceTest", "WiegandServiceTest\WiegandServiceTest.csproj", "{65FE0A9C-7EB2-4CD0-80C7-0C54024C8112}"
EndProject
Project("{9A19103F-16F7-4668-BE54-9A1E7A4F7556}") = "GatewayClient", "GatewayClient\GatewayClient.csproj", "{9BDC3C54-B49A-4E0F-99E1-E1D966CAC72B}"
EndProject
Project("{9A19103F-16F7-4668-BE54-9A1E7A4F7556}") = "DevicesServices", "DevicesServices\DevicesServices.csproj", "{3F51262A-F087-4047-9B5F-443B4FD34E59}"
EndProject
Project("{2150E333-8FDC-42A3-9474-1A3956D46DE8}") = "Services", "Services", "{94F25B88-4DB8-413D-97B8-815F2AB9652A}"
EndProject
Project("{9A19103F-16F7-4668-BE54-9A1E7A4F7556}") = "ConnectServiceTest", "ConnectServiceTest\ConnectServiceTest.csproj", "{0C34A912-CE0F-4198-8E9E-E2C9264EEB4A}"
EndProject
Project("{2150E333-8FDC-42A3-9474-1A3956D46DE8}") = "Tests", "Tests", "{A0B0288B-60B3-45AE-A2E5-6BF988499D09}"
EndProject
Global
	GlobalSection(SolutionConfigurationPlatforms) = preSolution
		Debug|Any CPU = Debug|Any CPU
		Release|Any CPU = Release|Any CPU
	EndGlobalSection
	GlobalSection(ProjectConfigurationPlatforms) = postSolution
		{7001130D-F17C-4965-A4E3-A9B5FB2AAC4D}.Debug|Any CPU.ActiveCfg = Debug|Any CPU
		{7001130D-F17C-4965-A4E3-A9B5FB2AAC4D}.Debug|Any CPU.Build.0 = Debug|Any CPU
		{7001130D-F17C-4965-A4E3-A9B5FB2AAC4D}.Release|Any CPU.ActiveCfg = Release|Any CPU
		{7001130D-F17C-4965-A4E3-A9B5FB2AAC4D}.Release|Any CPU.Build.0 = Release|Any CPU
		{C07B94B8-F87C-41DA-A2E1-887642BAA5F4}.Debug|Any CPU.ActiveCfg = Debug|Any CPU
		{C07B94B8-F87C-41DA-A2E1-887642BAA5F4}.Debug|Any CPU.Build.0 = Debug|Any CPU
		{C07B94B8-F87C-41DA-A2E1-887642BAA5F4}.Release|Any CPU.ActiveCfg = Release|Any CPU
		{C07B94B8-F87C-41DA-A2E1-887642BAA5F4}.Release|Any CPU.Build.0 = Release|Any CPU
		{0FED4442-11C9-46D2-9303-12C2EC209638}.Debug|Any CPU.ActiveCfg = Debug|Any CPU
		{0FED4442-11C9-46D2-9303-12C2EC209638}.Debug|Any CPU.Build.0 = Debug|Any CPU
		{0FED4442-11C9-46D2-9303-12C2EC209638}.Release|Any CPU.ActiveCfg = Release|Any CPU
		{0FED4442-11C9-46D2-9303-12C2EC209638}.Release|Any CPU.Build.0 = Release|Any CPU
		{08DF22D2-3C1C-43C7-BF7F-D011AB892894}.Debug|Any CPU.ActiveCfg = Debug|Any CPU
		{08DF22D2-3C1C-43C7-BF7F-D011AB892894}.Debug|Any CPU.Build.0 = Debug|Any CPU
		{08DF22D2-3C1C-43C7-BF7F-D011AB892894}.Release|Any CPU.ActiveCfg = Release|Any CPU
		{08DF22D2-3C1C-43C7-BF7F-D011AB892894}.Release|Any CPU.Build.0 = Release|Any CPU
		{073EC883-8A6D-41DA-8388-36C2E897F6AE}.Debug|Any CPU.ActiveCfg = Debug|Any CPU
		{073EC883-8A6D-41DA-8388-36C2E897F6AE}.Debug|Any CPU.Build.0 = Debug|Any CPU
		{073EC883-8A6D-41DA-8388-36C2E897F6AE}.Release|Any CPU.ActiveCfg = Release|Any CPU
		{073EC883-8A6D-41DA-8388-36C2E897F6AE}.Release|Any CPU.Build.0 = Release|Any CPU
		{0C25CB80-4A82-4BB4-8D95-74B8CD0E7A72}.Debug|Any CPU.ActiveCfg = Debug|Any CPU
		{0C25CB80-4A82-4BB4-8D95-74B8CD0E7A72}.Debug|Any CPU.Build.0 = Debug|Any CPU
		{0C25CB80-4A82-4BB4-8D95-74B8CD0E7A72}.Release|Any CPU.ActiveCfg = Release|Any CPU
		{0C25CB80-4A82-4BB4-8D95-74B8CD0E7A72}.Release|Any CPU.Build.0 = Release|Any CPU
		{B5BFA773-48CD-4EFD-A9AF-328FA571DC03}.Debug|Any CPU.ActiveCfg = Debug|Any CPU
		{B5BFA773-48CD-4EFD-A9AF-328FA571DC03}.Debug|Any CPU.Build.0 = Debug|Any CPU
		{B5BFA773-48CD-4EFD-A9AF-328FA571DC03}.Release|Any CPU.ActiveCfg = Release|Any CPU
		{B5BFA773-48CD-4EFD-A9AF-328FA571DC03}.Release|Any CPU.Build.0 = Release|Any CPU
		{FE774EAD-EFE4-4F3C-9E3F-7ACAB3DF579F}.Debug|Any CPU.ActiveCfg = Debug|Any CPU
		{FE774EAD-EFE4-4F3C-9E3F-7ACAB3DF579F}.Debug|Any CPU.Build.0 = Debug|Any CPU
		{FE774EAD-EFE4-4F3C-9E3F-7ACAB3DF579F}.Release|Any CPU.ActiveCfg = Release|Any CPU
		{FE774EAD-EFE4-4F3C-9E3F-7ACAB3DF579F}.Release|Any CPU.Build.0 = Release|Any CPU
		{8E5A80A1-61D4-47DC-9F7A-91B6B3C71699}.Debug|Any CPU.ActiveCfg = Debug|Any CPU
		{8E5A80A1-61D4-47DC-9F7A-91B6B3C71699}.Debug|Any CPU.Build.0 = Debug|Any CPU
		{8E5A80A1-61D4-47DC-9F7A-91B6B3C71699}.Release|Any CPU.ActiveCfg = Release|Any CPU
		{8E5A80A1-61D4-47DC-9F7A-91B6B3C71699}.Release|Any CPU.Build.0 = Release|Any CPU
		{84BBC19A-5142-4106-9236-1295B4FAE869}.Debug|Any CPU.ActiveCfg = Debug|Any CPU
		{84BBC19A-5142-4106-9236-1295B4FAE869}.Debug|Any CPU.Build.0 = Debug|Any CPU
		{84BBC19A-5142-4106-9236-1295B4FAE869}.Release|Any CPU.ActiveCfg = Release|Any CPU
		{84BBC19A-5142-4106-9236-1295B4FAE869}.Release|Any CPU.Build.0 = Release|Any CPU
		{6A6E17C6-BFFA-4625-8A54-DA301927B842}.Debug|Any CPU.ActiveCfg = Debug|Any CPU
		{6A6E17C6-BFFA-4625-8A54-DA301927B842}.Debug|Any CPU.Build.0 = Debug|Any CPU
		{6A6E17C6-BFFA-4625-8A54-DA301927B842}.Release|Any CPU.ActiveCfg = Release|Any CPU
		{6A6E17C6-BFFA-4625-8A54-DA301927B842}.Release|Any CPU.Build.0 = Release|Any CPU
		{0044A451-7218-4BE3-97F3-7A7E02965C58}.Debug|Any CPU.ActiveCfg = Debug|Any CPU
		{0044A451-7218-4BE3-97F3-7A7E02965C58}.Debug|Any CPU.Build.0 = Debug|Any CPU
		{0044A451-7218-4BE3-97F3-7A7E02965C58}.Release|Any CPU.ActiveCfg = Release|Any CPU
		{0044A451-7218-4BE3-97F3-7A7E02965C58}.Release|Any CPU.Build.0 = Release|Any CPU
		{57D042E8-9033-4D08-8887-BB67B6F807DA}.Debug|Any CPU.ActiveCfg = Debug|Any CPU
		{57D042E8-9033-4D08-8887-BB67B6F807DA}.Debug|Any CPU.Build.0 = Debug|Any CPU
		{57D042E8-9033-4D08-8887-BB67B6F807DA}.Release|Any CPU.ActiveCfg = Release|Any CPU
		{57D042E8-9033-4D08-8887-BB67B6F807DA}.Release|Any CPU.Build.0 = Release|Any CPU
		{7ABFE20D-5924-495B-8194-B8A24E193E92}.Debug|Any CPU.ActiveCfg = Debug|Any CPU
		{7ABFE20D-5924-495B-8194-B8A24E193E92}.Debug|Any CPU.Build.0 = Debug|Any CPU
		{7ABFE20D-5924-495B-8194-B8A24E193E92}.Release|Any CPU.ActiveCfg = Release|Any CPU
		{7ABFE20D-5924-495B-8194-B8A24E193E92}.Release|Any CPU.Build.0 = Release|Any CPU
		{695AB77E-2115-4191-BACF-5B2D1D23AE94}.Debug|Any CPU.ActiveCfg = Debug|Any CPU
		{695AB77E-2115-4191-BACF-5B2D1D23AE94}.Debug|Any CPU.Build.0 = Debug|Any CPU
		{695AB77E-2115-4191-BACF-5B2D1D23AE94}.Release|Any CPU.ActiveCfg = Release|Any CPU
		{695AB77E-2115-4191-BACF-5B2D1D23AE94}.Release|Any CPU.Build.0 = Release|Any CPU
		{937956D4-09B6-47C2-B4E2-10B88F829578}.Debug|Any CPU.ActiveCfg = Debug|Any CPU
		{937956D4-09B6-47C2-B4E2-10B88F829578}.Debug|Any CPU.Build.0 = Debug|Any CPU
		{937956D4-09B6-47C2-B4E2-10B88F829578}.Release|Any CPU.ActiveCfg = Release|Any CPU
		{937956D4-09B6-47C2-B4E2-10B88F829578}.Release|Any CPU.Build.0 = Release|Any CPU
		{382F644D-C27E-4EF8-8D8C-E847E94D0DEF}.Debug|Any CPU.ActiveCfg = Debug|Any CPU
		{382F644D-C27E-4EF8-8D8C-E847E94D0DEF}.Debug|Any CPU.Build.0 = Debug|Any CPU
		{382F644D-C27E-4EF8-8D8C-E847E94D0DEF}.Release|Any CPU.ActiveCfg = Release|Any CPU
		{382F644D-C27E-4EF8-8D8C-E847E94D0DEF}.Release|Any CPU.Build.0 = Release|Any CPU
		{7ABAF6E0-E3ED-4EF9-81B8-58D578BE30A9}.Debug|Any CPU.ActiveCfg = Debug|Any CPU
		{7ABAF6E0-E3ED-4EF9-81B8-58D578BE30A9}.Debug|Any CPU.Build.0 = Debug|Any CPU
		{7ABAF6E0-E3ED-4EF9-81B8-58D578BE30A9}.Release|Any CPU.ActiveCfg = Release|Any CPU
		{7ABAF6E0-E3ED-4EF9-81B8-58D578BE30A9}.Release|Any CPU.Build.0 = Release|Any CPU
		{C9FB33F9-65D3-4C04-ABA4-A61BA720C744}.Debug|Any CPU.ActiveCfg = Debug|Any CPU
		{C9FB33F9-65D3-4C04-ABA4-A61BA720C744}.Debug|Any CPU.Build.0 = Debug|Any CPU
		{C9FB33F9-65D3-4C04-ABA4-A61BA720C744}.Release|Any CPU.ActiveCfg = Release|Any CPU
		{C9FB33F9-65D3-4C04-ABA4-A61BA720C744}.Release|Any CPU.Build.0 = Release|Any CPU
		{6744DE39-EA46-4FAA-8B65-26FBA11724AA}.Debug|Any CPU.ActiveCfg = Debug|Any CPU
		{6744DE39-EA46-4FAA-8B65-26FBA11724AA}.Debug|Any CPU.Build.0 = Debug|Any CPU
		{6744DE39-EA46-4FAA-8B65-26FBA11724AA}.Release|Any CPU.ActiveCfg = Release|Any CPU
		{6744DE39-EA46-4FAA-8B65-26FBA11724AA}.Release|Any CPU.Build.0 = Release|Any CPU
		{65FE0A9C-7EB2-4CD0-80C7-0C54024C8112}.Debug|Any CPU.ActiveCfg = Debug|Any CPU
		{65FE0A9C-7EB2-4CD0-80C7-0C54024C8112}.Debug|Any CPU.Build.0 = Debug|Any CPU
		{65FE0A9C-7EB2-4CD0-80C7-0C54024C8112}.Release|Any CPU.ActiveCfg = Release|Any CPU
		{65FE0A9C-7EB2-4CD0-80C7-0C54024C8112}.Release|Any CPU.Build.0 = Release|Any CPU
		{9BDC3C54-B49A-4E0F-99E1-E1D966CAC72B}.Debug|Any CPU.ActiveCfg = Debug|Any CPU
		{9BDC3C54-B49A-4E0F-99E1-E1D966CAC72B}.Debug|Any CPU.Build.0 = Debug|Any CPU
		{9BDC3C54-B49A-4E0F-99E1-E1D966CAC72B}.Release|Any CPU.ActiveCfg = Release|Any CPU
		{9BDC3C54-B49A-4E0F-99E1-E1D966CAC72B}.Release|Any CPU.Build.0 = Release|Any CPU
		{3F51262A-F087-4047-9B5F-443B4FD34E59}.Debug|Any CPU.ActiveCfg = Debug|Any CPU
		{3F51262A-F087-4047-9B5F-443B4FD34E59}.Debug|Any CPU.Build.0 = Debug|Any CPU
		{3F51262A-F087-4047-9B5F-443B4FD34E59}.Release|Any CPU.ActiveCfg = Release|Any CPU
		{3F51262A-F087-4047-9B5F-443B4FD34E59}.Release|Any CPU.Build.0 = Release|Any CPU
		{0C34A912-CE0F-4198-8E9E-E2C9264EEB4A}.Debug|Any CPU.ActiveCfg = Debug|Any CPU
		{0C34A912-CE0F-4198-8E9E-E2C9264EEB4A}.Debug|Any CPU.Build.0 = Debug|Any CPU
		{0C34A912-CE0F-4198-8E9E-E2C9264EEB4A}.Release|Any CPU.ActiveCfg = Release|Any CPU
		{0C34A912-CE0F-4198-8E9E-E2C9264EEB4A}.Release|Any CPU.Build.0 = Release|Any CPU
	EndGlobalSection
	GlobalSection(SolutionProperties) = preSolution
		HideSolutionNode = FALSE
	EndGlobalSection
	GlobalSection(NestedProjects) = preSolution
		{08DF22D2-3C1C-43C7-BF7F-D011AB892894} = {A0B0288B-60B3-45AE-A2E5-6BF988499D09}
		{073EC883-8A6D-41DA-8388-36C2E897F6AE} = {A0B0288B-60B3-45AE-A2E5-6BF988499D09}
		{0C25CB80-4A82-4BB4-8D95-74B8CD0E7A72} = {A0B0288B-60B3-45AE-A2E5-6BF988499D09}
		{B5BFA773-48CD-4EFD-A9AF-328FA571DC03} = {A0B0288B-60B3-45AE-A2E5-6BF988499D09}
		{FE774EAD-EFE4-4F3C-9E3F-7ACAB3DF579F} = {A0B0288B-60B3-45AE-A2E5-6BF988499D09}
		{8E5A80A1-61D4-47DC-9F7A-91B6B3C71699} = {A0B0288B-60B3-45AE-A2E5-6BF988499D09}
		{84BBC19A-5142-4106-9236-1295B4FAE869} = {A0B0288B-60B3-45AE-A2E5-6BF988499D09}
		{6A6E17C6-BFFA-4625-8A54-DA301927B842} = {A0B0288B-60B3-45AE-A2E5-6BF988499D09}
		{0044A451-7218-4BE3-97F3-7A7E02965C58} = {A0B0288B-60B3-45AE-A2E5-6BF988499D09}
		{57D042E8-9033-4D08-8887-BB67B6F807DA} = {A0B0288B-60B3-45AE-A2E5-6BF988499D09}
		{7ABFE20D-5924-495B-8194-B8A24E193E92} = {A0B0288B-60B3-45AE-A2E5-6BF988499D09}
		{695AB77E-2115-4191-BACF-5B2D1D23AE94} = {A0B0288B-60B3-45AE-A2E5-6BF988499D09}
		{937956D4-09B6-47C2-B4E2-10B88F829578} = {A0B0288B-60B3-45AE-A2E5-6BF988499D09}
		{382F644D-C27E-4EF8-8D8C-E847E94D0DEF} = {A0B0288B-60B3-45AE-A2E5-6BF988499D09}
		{7ABAF6E0-E3ED-4EF9-81B8-58D578BE30A9} = {A0B0288B-60B3-45AE-A2E5-6BF988499D09}
		{C9FB33F9-65D3-4C04-ABA4-A61BA720C744} = {A0B0288B-60B3-45AE-A2E5-6BF988499D09}
		{6744DE39-EA46-4FAA-8B65-26FBA11724AA} = {A0B0288B-60B3-45AE-A2E5-6BF988499D09}
		{65FE0A9C-7EB2-4CD0-80C7-0C54024C8112} = {A0B0288B-60B3-45AE-A2E5-6BF988499D09}
		{3F51262A-F087-4047-9B5F-443B4FD34E59} = {94F25B88-4DB8-413D-97B8-815F2AB9652A}
		{0C34A912-CE0F-4198-8E9E-E2C9264EEB4A} = {A0B0288B-60B3-45AE-A2E5-6BF988499D09}
	EndGlobalSection
	GlobalSection(ExtensibilityGlobals) = postSolution
		SolutionGuid = {E152B907-3B2D-4C18-BACE-53F70514D985}
	EndGlobalSection
EndGlobal
