
Microsoft Visual Studio Solution File, Format Version 12.00
# Visual Studio Version 17
VisualStudioVersion = 17.5.33502.453
MinimumVisualStudioVersion = 10.0.40219.1
Project("{9A19103F-16F7-4668-BE54-9A1E7A4F7556}") = "Cli", "Cli\Cli.csproj", "{7001130D-F17C-4965-A4E3-A9B5FB2AAC4D}"
EndProject
Project("{9A19103F-16F7-4668-BE54-9A1E7A4F7556}") = "EventServiceTest", "EventServiceTest\EventServiceTest.csproj", "{8E5A80A1-61D4-47DC-9F7A-91B6B3C71699}"
EndProject
Project("{2150E333-8FDC-42A3-9474-1A3956D46DE8}") = "cert", "cert", "{EF86979C-7F43-4DD6-B211-ED8F475E74EA}"
	ProjectSection(SolutionItems) = preProject
		Cert\ca.crt = Cert\ca.crt
		Cert\ca_key.pem = Cert\ca_key.pem
		Cert\server.crt = Cert\server.crt
		Cert\server_key.pem = Cert\server_key.pem
	EndProjectSection
EndProject
Project("{2150E333-8FDC-42A3-9474-1A3956D46DE8}") = "porto", "porto", "{BF0A8D83-9EC3-4A17-BE40-3C175797D234}"
	ProjectSection(SolutionItems) = preProject
		proto\access.proto = proto\access.proto
		proto\action.proto = proto\action.proto
		proto\admin.proto = proto\admin.proto
		proto\apb_zone.proto = proto\apb_zone.proto
		proto\auth.proto = proto\auth.proto
		proto\card.proto = proto\card.proto
		proto\cert.proto = proto\cert.proto
		proto\config.proto = proto\config.proto
		proto\connect.proto = proto\connect.proto
		proto\connect_master.proto = proto\connect_master.proto
		proto\device.proto = proto\device.proto
		proto\display.proto = proto\display.proto
		proto\door.proto = proto\door.proto
		proto\err.proto = proto\err.proto
		proto\error.proto = proto\error.proto
		proto\event.proto = proto\event.proto
		proto\face.proto = proto\face.proto
		proto\finger.proto = proto\finger.proto
		proto\fingerprint.proto = proto\fingerprint.proto
		proto\fire_zone.proto = proto\fire_zone.proto
		proto\gateway.proto = proto\gateway.proto
		proto\input.proto = proto\input.proto
		proto\interlock_zone.proto = proto\interlock_zone.proto
		proto\intrusion_zone.proto = proto\intrusion_zone.proto
		proto\lift.proto = proto\lift.proto
		proto\lift_zone.proto = proto\lift_zone.proto
		proto\lock_zone.proto = proto\lock_zone.proto
		proto\login.proto = proto\login.proto
		proto\master.proto = proto\master.proto
		proto\network.proto = proto\network.proto
		proto\operator.proto = proto\operator.proto
		proto\rs485.proto = proto\rs485.proto
		proto\rtsp.proto = proto\rtsp.proto
		proto\schedule.proto = proto\schedule.proto
		proto\server.proto = proto\server.proto
		proto\status.proto = proto\status.proto
		proto\system.proto = proto\system.proto
		proto\tenant.proto = proto\tenant.proto
		proto\thermal.proto = proto\thermal.proto
		proto\time.proto = proto\time.proto
		proto\timed_apb_zone.proto = proto\timed_apb_zone.proto
		proto\tna.proto = proto\tna.proto
		proto\user.proto = proto\user.proto
		proto\voip.proto = proto\voip.proto
		proto\wiegand.proto = proto\wiegand.proto
		proto\zone.proto = proto\zone.proto
	EndProjectSection
EndProject
Project("{9A19103F-16F7-4668-BE54-9A1E7A4F7556}") = "GatewayClient", "GatewayClient\GatewayClient.csproj", "{9BDC3C54-B49A-4E0F-99E1-E1D966CAC72B}"
EndProject
Project("{9A19103F-16F7-4668-BE54-9A1E7A4F7556}") = "BoscaClient", "BoscaClient\BoscaClient.csproj", "{8AAAE6F2-C9C1-406D-A834-04D829684A03}"
EndProject
Project("{9A19103F-16F7-4668-BE54-9A1E7A4F7556}") = "DevicesServices", "DevicesServices\DevicesServices.csproj", "{C49C7E22-922C-4317-9D7A-C46DCC6B4690}"
EndProject
Project("{9A19103F-16F7-4668-BE54-9A1E7A4F7556}") = "ConnectServiceTest", "ConnectServiceTest\ConnectServiceTest.csproj", "{125C9B8C-7418-4EF1-A1F7-88F987F07C48}"
EndProject
Global
	GlobalSection(SolutionConfigurationPlatforms) = preSolution
		Debug|Any CPU = Debug|Any CPU
		Release|Any CPU = Release|Any CPU
	EndGlobalSection
	GlobalSection(ProjectConfigurationPlatforms) = postSolution
		{7001130D-F17C-4965-A4E3-A9B5FB2AAC4D}.Debug|Any CPU.ActiveCfg = Debug|Any CPU
		{7001130D-F17C-4965-A4E3-A9B5FB2AAC4D}.Debug|Any CPU.Build.0 = Debug|Any CPU
		{7001130D-F17C-4965-A4E3-A9B5FB2AAC4D}.Release|Any CPU.ActiveCfg = Release|Any CPU
		{7001130D-F17C-4965-A4E3-A9B5FB2AAC4D}.Release|Any CPU.Build.0 = Release|Any CPU
		{8E5A80A1-61D4-47DC-9F7A-91B6B3C71699}.Debug|Any CPU.ActiveCfg = Debug|Any CPU
		{8E5A80A1-61D4-47DC-9F7A-91B6B3C71699}.Debug|Any CPU.Build.0 = Debug|Any CPU
		{8E5A80A1-61D4-47DC-9F7A-91B6B3C71699}.Release|Any CPU.ActiveCfg = Release|Any CPU
		{8E5A80A1-61D4-47DC-9F7A-91B6B3C71699}.Release|Any CPU.Build.0 = Release|Any CPU
		{9BDC3C54-B49A-4E0F-99E1-E1D966CAC72B}.Debug|Any CPU.ActiveCfg = Debug|Any CPU
		{9BDC3C54-B49A-4E0F-99E1-E1D966CAC72B}.Debug|Any CPU.Build.0 = Debug|Any CPU
		{9BDC3C54-B49A-4E0F-99E1-E1D966CAC72B}.Release|Any CPU.ActiveCfg = Release|Any CPU
		{9BDC3C54-B49A-4E0F-99E1-E1D966CAC72B}.Release|Any CPU.Build.0 = Release|Any CPU
		{8AAAE6F2-C9C1-406D-A834-04D829684A03}.Debug|Any CPU.ActiveCfg = Debug|Any CPU
		{8AAAE6F2-C9C1-406D-A834-04D829684A03}.Debug|Any CPU.Build.0 = Debug|Any CPU
		{8AAAE6F2-C9C1-406D-A834-04D829684A03}.Release|Any CPU.ActiveCfg = Release|Any CPU
		{8AAAE6F2-C9C1-406D-A834-04D829684A03}.Release|Any CPU.Build.0 = Release|Any CPU
		{C49C7E22-922C-4317-9D7A-C46DCC6B4690}.Debug|Any CPU.ActiveCfg = Debug|Any CPU
		{C49C7E22-922C-4317-9D7A-C46DCC6B4690}.Debug|Any CPU.Build.0 = Debug|Any CPU
		{C49C7E22-922C-4317-9D7A-C46DCC6B4690}.Release|Any CPU.ActiveCfg = Release|Any CPU
		{C49C7E22-922C-4317-9D7A-C46DCC6B4690}.Release|Any CPU.Build.0 = Release|Any CPU
		{125C9B8C-7418-4EF1-A1F7-88F987F07C48}.Debug|Any CPU.ActiveCfg = Debug|Any CPU
		{125C9B8C-7418-4EF1-A1F7-88F987F07C48}.Debug|Any CPU.Build.0 = Debug|Any CPU
		{125C9B8C-7418-4EF1-A1F7-88F987F07C48}.Release|Any CPU.ActiveCfg = Release|Any CPU
		{125C9B8C-7418-4EF1-A1F7-88F987F07C48}.Release|Any CPU.Build.0 = Release|Any CPU
	EndGlobalSection
	GlobalSection(SolutionProperties) = preSolution
		HideSolutionNode = FALSE
	EndGlobalSection
	GlobalSection(ExtensibilityGlobals) = postSolution
		SolutionGuid = {E152B907-3B2D-4C18-BACE-53F70514D985}
	EndGlobalSection
EndGlobal
