
Microsoft Visual Studio Solution File, Format Version 12.00
# Visual Studio Version 17
VisualStudioVersion = 17.3.32825.248
MinimumVisualStudioVersion = 10.0.40219.1
Project("{FAE04EC0-301F-11D3-BF4B-00C04F79EFBC}") = "BiostarDeviceController", "BiostarDeviceController\BiostarDeviceController.csproj", "{C3380EDB-36D1-4AE8-8AE8-D1B9EF57870F}"
EndProject
Project("{FAE04EC0-301F-11D3-BF4B-00C04F79EFBC}") = "Suprema.Common", "Suprema.Common\Suprema.Common.csproj", "{BCD2E2DB-40D3-4543-AD02-9A9B1268AAC1}"
EndProject
Global
	GlobalSection(SolutionConfigurationPlatforms) = preSolution
		Debug|Any CPU = Debug|Any CPU
		Debug|x64 = Debug|x64
		Debug|x86 = Debug|x86
		Release|Any CPU = Release|Any CPU
		Release|x64 = Release|x64
		Release|x86 = Release|x86
	EndGlobalSection
	GlobalSection(ProjectConfigurationPlatforms) = postSolution
		{C3380EDB-36D1-4AE8-8AE8-D1B9EF57870F}.Debug|Any CPU.ActiveCfg = Debug|Any CPU
		{C3380EDB-36D1-4AE8-8AE8-D1B9EF57870F}.Debug|Any CPU.Build.0 = Debug|Any CPU
		{C3380EDB-36D1-4AE8-8AE8-D1B9EF57870F}.Debug|x64.ActiveCfg = Debug|x64
		{C3380EDB-36D1-4AE8-8AE8-D1B9EF57870F}.Debug|x64.Build.0 = Debug|x64
		{C3380EDB-36D1-4AE8-8AE8-D1B9EF57870F}.Debug|x86.ActiveCfg = Debug|x86
		{C3380EDB-36D1-4AE8-8AE8-D1B9EF57870F}.Debug|x86.Build.0 = Debug|x86
		{C3380EDB-36D1-4AE8-8AE8-D1B9EF57870F}.Release|Any CPU.ActiveCfg = Release|Any CPU
		{C3380EDB-36D1-4AE8-8AE8-D1B9EF57870F}.Release|Any CPU.Build.0 = Release|Any CPU
		{C3380EDB-36D1-4AE8-8AE8-D1B9EF57870F}.Release|x64.ActiveCfg = Release|x64
		{C3380EDB-36D1-4AE8-8AE8-D1B9EF57870F}.Release|x64.Build.0 = Release|x64
		{C3380EDB-36D1-4AE8-8AE8-D1B9EF57870F}.Release|x86.ActiveCfg = Release|x86
		{C3380EDB-36D1-4AE8-8AE8-D1B9EF57870F}.Release|x86.Build.0 = Release|x86
		{BCD2E2DB-40D3-4543-AD02-9A9B1268AAC1}.Debug|Any CPU.ActiveCfg = Debug|Any CPU
		{BCD2E2DB-40D3-4543-AD02-9A9B1268AAC1}.Debug|Any CPU.Build.0 = Debug|Any CPU
		{BCD2E2DB-40D3-4543-AD02-9A9B1268AAC1}.Debug|x64.ActiveCfg = Debug|x64
		{BCD2E2DB-40D3-4543-AD02-9A9B1268AAC1}.Debug|x64.Build.0 = Debug|x64
		{BCD2E2DB-40D3-4543-AD02-9A9B1268AAC1}.Debug|x86.ActiveCfg = Debug|x86
		{BCD2E2DB-40D3-4543-AD02-9A9B1268AAC1}.Debug|x86.Build.0 = Debug|x86
		{BCD2E2DB-40D3-4543-AD02-9A9B1268AAC1}.Release|Any CPU.ActiveCfg = Release|Any CPU
		{BCD2E2DB-40D3-4543-AD02-9A9B1268AAC1}.Release|Any CPU.Build.0 = Release|Any CPU
		{BCD2E2DB-40D3-4543-AD02-9A9B1268AAC1}.Release|x64.ActiveCfg = Release|x64
		{BCD2E2DB-40D3-4543-AD02-9A9B1268AAC1}.Release|x64.Build.0 = Release|x64
		{BCD2E2DB-40D3-4543-AD02-9A9B1268AAC1}.Release|x86.ActiveCfg = Release|x86
		{BCD2E2DB-40D3-4543-AD02-9A9B1268AAC1}.Release|x86.Build.0 = Release|x86
	EndGlobalSection
	GlobalSection(SolutionProperties) = preSolution
		HideSolutionNode = FALSE
	EndGlobalSection
	GlobalSection(ExtensibilityGlobals) = postSolution
		SolutionGuid = {26BFB140-E04D-4F3E-907A-DD0CF2DC1006}
	EndGlobalSection
EndGlobal
