
Microsoft Visual Studio Solution File, Format Version 12.00
# Visual Studio Version 17
VisualStudioVersion = 17.5.33502.453
MinimumVisualStudioVersion = 10.0.40219.1
Project("{9A19103F-16F7-4668-BE54-9A1E7A4F7556}") = "ConnectTest", "connect\test\ConnectTest.csproj", "{CEAE224B-6D41-404D-8DA9-567E8EF3DAC4}"
EndProject
Project("{9A19103F-16F7-4668-BE54-9A1E7A4F7556}") = "QuickTest", "quick\QuickTest.csproj", "{537B7768-82C2-4CDA-800B-27D234ED9143}"
EndProject
Project("{2150E333-8FDC-42A3-9474-1A3956D46DE8}") = "proto", "proto", "{51007FAB-607D-4BA9-B17C-496E417EF07B}"
	ProjectSection(SolutionItems) = preProject
		..\biostar\proto\access.proto = ..\biostar\proto\access.proto
		..\biostar\proto\action.proto = ..\biostar\proto\action.proto
		..\biostar\proto\admin.proto = ..\biostar\proto\admin.proto
		..\biostar\proto\apb_zone.proto = ..\biostar\proto\apb_zone.proto
		..\biostar\proto\auth.proto = ..\biostar\proto\auth.proto
		..\biostar\proto\card.proto = ..\biostar\proto\card.proto
		..\biostar\proto\cert.proto = ..\biostar\proto\cert.proto
		..\biostar\proto\config.proto = ..\biostar\proto\config.proto
		..\biostar\proto\connect.proto = ..\biostar\proto\connect.proto
		..\biostar\proto\connect_master.proto = ..\biostar\proto\connect_master.proto
		..\biostar\proto\device.proto = ..\biostar\proto\device.proto
		..\biostar\proto\display.proto = ..\biostar\proto\display.proto
		..\biostar\proto\door.proto = ..\biostar\proto\door.proto
		..\biostar\proto\err.proto = ..\biostar\proto\err.proto
		..\biostar\proto\error.proto = ..\biostar\proto\error.proto
		..\biostar\proto\event.proto = ..\biostar\proto\event.proto
		..\biostar\proto\face.proto = ..\biostar\proto\face.proto
		..\biostar\proto\finger.proto = ..\biostar\proto\finger.proto
		..\biostar\proto\fingerprint.proto = ..\biostar\proto\fingerprint.proto
		..\biostar\proto\fire_zone.proto = ..\biostar\proto\fire_zone.proto
		..\biostar\proto\gateway.proto = ..\biostar\proto\gateway.proto
		..\biostar\proto\input.proto = ..\biostar\proto\input.proto
		..\biostar\proto\interlock_zone.proto = ..\biostar\proto\interlock_zone.proto
		..\biostar\proto\intrusion_zone.proto = ..\biostar\proto\intrusion_zone.proto
		..\biostar\proto\lift.proto = ..\biostar\proto\lift.proto
		..\biostar\proto\lift_zone.proto = ..\biostar\proto\lift_zone.proto
		..\biostar\proto\lock_zone.proto = ..\biostar\proto\lock_zone.proto
		..\biostar\proto\login.proto = ..\biostar\proto\login.proto
		..\biostar\proto\master.proto = ..\biostar\proto\master.proto
		..\biostar\proto\network.proto = ..\biostar\proto\network.proto
		..\biostar\proto\operator.proto = ..\biostar\proto\operator.proto
		..\biostar\proto\rs485.proto = ..\biostar\proto\rs485.proto
		..\biostar\proto\rtsp.proto = ..\biostar\proto\rtsp.proto
		..\biostar\proto\schedule.proto = ..\biostar\proto\schedule.proto
		..\biostar\proto\server.proto = ..\biostar\proto\server.proto
		..\biostar\proto\status.proto = ..\biostar\proto\status.proto
		..\biostar\proto\system.proto = ..\biostar\proto\system.proto
		..\biostar\proto\tenant.proto = ..\biostar\proto\tenant.proto
		..\biostar\proto\thermal.proto = ..\biostar\proto\thermal.proto
		..\biostar\proto\time.proto = ..\biostar\proto\time.proto
		..\biostar\proto\timed_apb_zone.proto = ..\biostar\proto\timed_apb_zone.proto
		..\biostar\proto\tna.proto = ..\biostar\proto\tna.proto
		..\biostar\proto\user.proto = ..\biostar\proto\user.proto
		..\biostar\proto\voip.proto = ..\biostar\proto\voip.proto
		..\biostar\proto\wiegand.proto = ..\biostar\proto\wiegand.proto
		..\biostar\proto\zone.proto = ..\biostar\proto\zone.proto
	EndProjectSection
EndProject
Project("{9A19103F-16F7-4668-BE54-9A1E7A4F7556}") = "EventTest", "event\test\EventTest.csproj", "{FE6D7353-8976-465D-ADF0-6BD69592DCE9}"
EndProject
Global
	GlobalSection(SolutionConfigurationPlatforms) = preSolution
		Debug|Any CPU = Debug|Any CPU
		Release|Any CPU = Release|Any CPU
	EndGlobalSection
	GlobalSection(ProjectConfigurationPlatforms) = postSolution
		{CEAE224B-6D41-404D-8DA9-567E8EF3DAC4}.Debug|Any CPU.ActiveCfg = Debug|Any CPU
		{CEAE224B-6D41-404D-8DA9-567E8EF3DAC4}.Debug|Any CPU.Build.0 = Debug|Any CPU
		{CEAE224B-6D41-404D-8DA9-567E8EF3DAC4}.Release|Any CPU.ActiveCfg = Release|Any CPU
		{CEAE224B-6D41-404D-8DA9-567E8EF3DAC4}.Release|Any CPU.Build.0 = Release|Any CPU
		{537B7768-82C2-4CDA-800B-27D234ED9143}.Debug|Any CPU.ActiveCfg = Debug|Any CPU
		{537B7768-82C2-4CDA-800B-27D234ED9143}.Debug|Any CPU.Build.0 = Debug|Any CPU
		{537B7768-82C2-4CDA-800B-27D234ED9143}.Release|Any CPU.ActiveCfg = Release|Any CPU
		{537B7768-82C2-4CDA-800B-27D234ED9143}.Release|Any CPU.Build.0 = Release|Any CPU
		{FE6D7353-8976-465D-ADF0-6BD69592DCE9}.Debug|Any CPU.ActiveCfg = Debug|Any CPU
		{FE6D7353-8976-465D-ADF0-6BD69592DCE9}.Debug|Any CPU.Build.0 = Debug|Any CPU
		{FE6D7353-8976-465D-ADF0-6BD69592DCE9}.Release|Any CPU.ActiveCfg = Release|Any CPU
		{FE6D7353-8976-465D-ADF0-6BD69592DCE9}.Release|Any CPU.Build.0 = Release|Any CPU
	EndGlobalSection
	GlobalSection(SolutionProperties) = preSolution
		HideSolutionNode = FALSE
	EndGlobalSection
	GlobalSection(ExtensibilityGlobals) = postSolution
		SolutionGuid = {BD92E60B-9CC8-43E8-9494-D0F4FEF281FD}
	EndGlobalSection
EndGlobal
